
Microsoft Visual Studio Solution File, Format Version 12.00
# Visual Studio Version 17
VisualStudioVersion = 17.1.32210.238
MinimumVisualStudioVersion = 10.0.40219.1
Project("{9A19103F-16F7-4668-BE54-9A1E7A4F7556}") = "BookRealm", "BookRealm\BookRealm.csproj", "{1A218009-34D2-4454-A0BC-B28AE9E40C30}"
EndProject
Project("{9A19103F-16F7-4668-BE54-9A1E7A4F7556}") = "BookRealm.Data", "Data\BookRealm.Data.csproj", "{D86D4229-7D6D-4C59-8A52-4EFA8A26BCFB}"
EndProject
Global
	GlobalSection(SolutionConfigurationPlatforms) = preSolution
		Debug|Any CPU = Debug|Any CPU
		Release|Any CPU = Release|Any CPU
	EndGlobalSection
	GlobalSection(ProjectConfigurationPlatforms) = postSolution
		{1A218009-34D2-4454-A0BC-B28AE9E40C30}.Debug|Any CPU.ActiveCfg = Debug|Any CPU
		{1A218009-34D2-4454-A0BC-B28AE9E40C30}.Debug|Any CPU.Build.0 = Debug|Any CPU
		{1A218009-34D2-4454-A0BC-B28AE9E40C30}.Release|Any CPU.ActiveCfg = Release|Any CPU
		{1A218009-34D2-4454-A0BC-B28AE9E40C30}.Release|Any CPU.Build.0 = Release|Any CPU
		{D86D4229-7D6D-4C59-8A52-4EFA8A26BCFB}.Debug|Any CPU.ActiveCfg = Debug|Any CPU
		{D86D4229-7D6D-4C59-8A52-4EFA8A26BCFB}.Debug|Any CPU.Build.0 = Debug|Any CPU
		{D86D4229-7D6D-4C59-8A52-4EFA8A26BCFB}.Release|Any CPU.ActiveCfg = Release|Any CPU
		{D86D4229-7D6D-4C59-8A52-4EFA8A26BCFB}.Release|Any CPU.Build.0 = Release|Any CPU
	EndGlobalSection
	GlobalSection(SolutionProperties) = preSolution
		HideSolutionNode = FALSE
	EndGlobalSection
	GlobalSection(ExtensibilityGlobals) = postSolution
		SolutionGuid = {60F658FE-2759-4A3F-B6DD-1BC12255E7FF}
	EndGlobalSection
EndGlobal
